
Microsoft Visual Studio Solution File, Format Version 12.00
Project("{FAE04EC0-301F-11D3-BF4B-00C04F79EFBC}") = "chiao_test", "chiao_test.csproj", "{900CC9D0-CFD5-425D-9964-28BFEBF89D5F}"
EndProject
Global
	GlobalSection(SolutionConfigurationPlatforms) = preSolution
		Debug|Any CPU = Debug|Any CPU
		Release|Any CPU = Release|Any CPU
	EndGlobalSection
	GlobalSection(ProjectConfigurationPlatforms) = postSolution
		{900CC9D0-CFD5-425D-9964-28BFEBF89D5F}.Debug|Any CPU.ActiveCfg = Debug|Any CPU
		{900CC9D0-CFD5-425D-9964-28BFEBF89D5F}.Debug|Any CPU.Build.0 = Debug|Any CPU
		{900CC9D0-CFD5-425D-9964-28BFEBF89D5F}.Release|Any CPU.ActiveCfg = Release|Any CPU
		{900CC9D0-CFD5-425D-9964-28BFEBF89D5F}.Release|Any CPU.Build.0 = Release|Any CPU
	EndGlobalSection
EndGlobal
